# This file was autogenerated by Stack.
# You should not edit this file by hand.
# For more information, please see the documentation at:
#   https://docs.haskellstack.org/en/stable/topics/lock_files

packages:
- completed:
    hackage: rel8-1.8.0.0@sha256:62b2facc9beccf58d44a12ff0cc28082a8694233efb80b9dc21dcd5e15c60352,2475
    pantry-tree:
      sha256: ab91a0b85bbe636b51e4a6d5a81946da383c5788699992523946b531792fb5e8
      size: 946
  original:
    hackage: rel8-1.8.0.0
- completed:
    hackage: rel8-internal-1.8.0.0@sha256:672d8100479d504c917b1b279867c706f6bd3099048343f76e5f569e56e683b6,6994
    pantry-tree:
      sha256: 8c3700012bf7e4599aa0047130558e4bca1210ebee94348d976516a16029f296
      size: 12658
  original:
    hackage: rel8-internal-1.8.0.0
snapshots:
- completed:
    sha256: 78ce76b519082c406415e5070114ad338d8635534c67e85e381abb6676839065
    size: 728811
    url: https://raw.githubusercontent.com/commercialhaskell/stackage-snapshots/master/lts/24/44.yaml
  original: lts-24.44
